--- 
dependencies: 
  aruba: 
    group: 
    - :test
    version: = 0.2.1
  cucumber: 
    group: 
    - :test
    version: = 0.8.5
specs: 
- aruba: 
    version: 0.2.1
- builder: 
    version: 2.1.2
- diff-lcs: 
    version: 1.1.2
- trollop: 
    version: 1.16.2
- gherkin: 
    version: 2.1.5
- json_pure: 
    version: 1.4.3
- term-ansicolor: 
    version: 1.0.5
- cucumber: 
    version: 0.8.5
hash: 4bc6c3d4b240704ca7f288760d4be35640c862cf
sources: 
- Rubygems: 
    uri: http://gemcutter.org
